// !$*UTF8*$!
{
	archiveVersion = 1;
	classes = {
	};
	objectVersion = 55;
	objects = {

/* Begin PBXBuildFile section */
		28A852A92B20E7B700F9C3C3 /* AppDelegate.swift in Sources */ = {isa = PBXBuildFile; fileRef = 28A852A82B20E7B700F9C3C3 /* AppDelegate.swift */; };
		28A852B22B20E7B800F9C3C3 /* Assets.xcassets in Resources */ = {isa = PBXBuildFile; fileRef = 28A852B12B20E7B800F9C3C3 /* Assets.xcassets */; };
		28A852B52B20E7B800F9C3C3 /* LaunchScreen.storyboard in Resources */ = {isa = PBXBuildFile; fileRef = 28A852B32B20E7B800F9C3C3 /* LaunchScreen.storyboard */; };
		28A852C42B20E8E700F9C3C3 /* BadgeBuilder.swift in Sources */ = {isa = PBXBuildFile; fileRef = 28A852C32B20E8E700F9C3C3 /* BadgeBuilder.swift */; };
		28A852C62B20E8FD00F9C3C3 /* BadgeUIModel.swift in Sources */ = {isa = PBXBuildFile; fileRef = 28A852C52B20E8FD00F9C3C3 /* BadgeUIModel.swift */; };
		28A852C82B20E90600F9C3C3 /* BadgeViewModel.swift in Sources */ = {isa = PBXBuildFile; fileRef = 28A852C72B20E90600F9C3C3 /* BadgeViewModel.swift */; };
		28A852CA2B20E91B00F9C3C3 /* BadgeViewController.xib in Resources */ = {isa = PBXBuildFile; fileRef = 28A852C92B20E91B00F9C3C3 /* BadgeViewController.xib */; };
		28A852CC2B20E92800F9C3C3 /* BadgeViewController.swift in Sources */ = {isa = PBXBuildFile; fileRef = 28A852CB2B20E92800F9C3C3 /* BadgeViewController.swift */; };
/* End PBXBuildFile section */

/* Begin PBXFileReference section */
		28A852A52B20E7B700F9C3C3 /* NotificationCountBadge.app */ = {isa = PBXFileReference; explicitFileType = wrapper.application; includeInIndex = 0; path = NotificationCountBadge.app; sourceTree = BUILT_PRODUCTS_DIR; };
		28A852A82B20E7B700F9C3C3 /* AppDelegate.swift */ = {isa = PBXFileReference; lastKnownFileType = sourcecode.swift; path = AppDelegate.swift; sourceTree = "<group>"; };
		28A852B12B20E7B800F9C3C3 /* Assets.xcassets */ = {isa = PBXFileReference; lastKnownFileType = folder.assetcatalog; path = Assets.xcassets; sourceTree = "<group>"; };
		28A852B42B20E7B800F9C3C3 /* Base */ = {isa = PBXFileReference; lastKnownFileType = file.storyboard; name = Base; path = Base.lproj/LaunchScreen.storyboard; sourceTree = "<group>"; };
		28A852B62B20E7B800F9C3C3 /* Info.plist */ = {isa = PBXFileReference; lastKnownFileType = text.plist.xml; path = Info.plist; sourceTree = "<group>"; };
		28A852C32B20E8E700F9C3C3 /* BadgeBuilder.swift */ = {isa = PBXFileReference; lastKnownFileType = sourcecode.swift; path = BadgeBuilder.swift; sourceTree = "<group>"; };
		28A852C52B20E8FD00F9C3C3 /* BadgeUIModel.swift */ = {isa = PBXFileReference; lastKnownFileType = sourcecode.swift; path = BadgeUIModel.swift; sourceTree = "<group>"; };
		28A852C72B20E90600F9C3C3 /* BadgeViewModel.swift */ = {isa = PBXFileReference; lastKnownFileType = sourcecode.swift; path = BadgeViewModel.swift; sourceTree = "<group>"; };
		28A852C92B20E91B00F9C3C3 /* BadgeViewController.xib */ = {isa = PBXFileReference; lastKnownFileType = file.xib; path = BadgeViewController.xib; sourceTree = "<group>"; };
		28A852CB2B20E92800F9C3C3 /* BadgeViewController.swift */ = {isa = PBXFileReference; lastKnownFileType = sourcecode.swift; path = BadgeViewController.swift; sourceTree = "<group>"; };
/* End PBXFileReference section */

/* Begin PBXFrameworksBuildPhase section */
		28A852A22B20E7B700F9C3C3 /* Frameworks */ = {
			isa = PBXFrameworksBuildPhase;
			buildActionMask = 2147483647;
			files = (
			);
			runOnlyForDeploymentPostprocessing = 0;
		};
/* End PBXFrameworksBuildPhase section */

/* Begin PBXGroup section */
		28A8529C2B20E7B600F9C3C3 = {
			isa = PBXGroup;
			children = (
				28A852A72B20E7B700F9C3C3 /* NotificationCountBadge */,
				28A852A62B20E7B700F9C3C3 /* Products */,
			);
			sourceTree = "<group>";
		};
		28A852A62B20E7B700F9C3C3 /* Products */ = {
			isa = PBXGroup;
			children = (
				28A852A52B20E7B700F9C3C3 /* NotificationCountBadge.app */,
			);
			name = Products;
			sourceTree = "<group>";
		};
		28A852A72B20E7B700F9C3C3 /* NotificationCountBadge */ = {
			isa = PBXGroup;
			children = (
				28A852BC2B20E82600F9C3C3 /* Resources */,
				28A852BD2B20E83000F9C3C3 /* Sources */,
				28A852BE2B20E83500F9C3C3 /* UI */,
			);
			path = NotificationCountBadge;
			sourceTree = "<group>";
		};
		28A852BC2B20E82600F9C3C3 /* Resources */ = {
			isa = PBXGroup;
			children = (
				28A852B12B20E7B800F9C3C3 /* Assets.xcassets */,
				28A852B32B20E7B800F9C3C3 /* LaunchScreen.storyboard */,
			);
			path = Resources;
			sourceTree = "<group>";
		};
		28A852BD2B20E83000F9C3C3 /* Sources */ = {
			isa = PBXGroup;
			children = (
				28A852A82B20E7B700F9C3C3 /* AppDelegate.swift */,
				28A852B62B20E7B800F9C3C3 /* Info.plist */,
			);
			path = Sources;
			sourceTree = "<group>";
		};
		28A852BE2B20E83500F9C3C3 /* UI */ = {
			isa = PBXGroup;
			children = (
				28A852BF2B20E85E00F9C3C3 /* BadgeViewController */,
			);
			path = UI;
			sourceTree = "<group>";
		};
		28A852BF2B20E85E00F9C3C3 /* BadgeViewController */ = {
			isa = PBXGroup;
			children = (
				28A852C12B20E87900F9C3C3 /* Builder */,
				28A852C22B20E88400F9C3C3 /* ViewModel */,
				28A852C02B20E86D00F9C3C3 /* ViewController */,
			);
			path = BadgeViewController;
			sourceTree = "<group>";
		};
		28A852C02B20E86D00F9C3C3 /* ViewController */ = {
			isa = PBXGroup;
			children = (
				28A852C92B20E91B00F9C3C3 /* BadgeViewController.xib */,
				28A852CB2B20E92800F9C3C3 /* BadgeViewController.swift */,
			);
			path = ViewController;
			sourceTree = "<group>";
		};
		28A852C12B20E87900F9C3C3 /* Builder */ = {
			isa = PBXGroup;
			children = (
				28A852C32B20E8E700F9C3C3 /* BadgeBuilder.swift */,
			);
			path = Builder;
			sourceTree = "<group>";
		};
		28A852C22B20E88400F9C3C3 /* ViewModel */ = {
			isa = PBXGroup;
			children = (
				28A852C72B20E90600F9C3C3 /* BadgeViewModel.swift */,
				28A852C52B20E8FD00F9C3C3 /* BadgeUIModel.swift */,
			);
			path = ViewModel;
			sourceTree = "<group>";
		};
/* End PBXGroup section */

/* Begin PBXNativeTarget section */
		28A852A42B20E7B700F9C3C3 /* NotificationCountBadge */ = {
			isa = PBXNativeTarget;
			buildConfigurationList = 28A852B92B20E7B800F9C3C3 /* Build configuration list for PBXNativeTarget "NotificationCountBadge" */;
			buildPhases = (
				28A852A12B20E7B700F9C3C3 /* Sources */,
				28A852A22B20E7B700F9C3C3 /* Frameworks */,
				28A852A32B20E7B700F9C3C3 /* Resources */,
			);
			buildRules = (
			);
			dependencies = (
			);
			name = NotificationCountBadge;
			productName = NotificationCountBadge;
			productReference = 28A852A52B20E7B700F9C3C3 /* NotificationCountBadge.app */;
			productType = "com.apple.product-type.application";
		};
/* End PBXNativeTarget section */

/* Begin PBXProject section */
		28A8529D2B20E7B600F9C3C3 /* Project object */ = {
			isa = PBXProject;
			attributes = {
				BuildIndependentTargetsInParallel = 1;
				LastSwiftUpdateCheck = 1430;
				LastUpgradeCheck = 1430;
				TargetAttributes = {
					28A852A42B20E7B700F9C3C3 = {
						CreatedOnToolsVersion = 14.3.1;
					};
				};
			};
			buildConfigurationList = 28A852A02B20E7B600F9C3C3 /* Build configuration list for PBXProject "NotificationCountBadge" */;
			compatibilityVersion = "Xcode 13.0";
			developmentRegion = en;
			hasScannedForEncodings = 0;
			knownRegions = (
				en,
				Base,
			);
			mainGroup = 28A8529C2B20E7B600F9C3C3;
			productRefGroup = 28A852A62B20E7B700F9C3C3 /* Products */;
			projectDirPath = "";
			projectRoot = "";
			targets = (
				28A852A42B20E7B700F9C3C3 /* NotificationCountBadge */,
			);
		};
/* End PBXProject section */

/* Begin PBXResourcesBuildPhase section */
		28A852A32B20E7B700F9C3C3 /* Resources */ = {
			isa = PBXResourcesBuildPhase;
			buildActionMask = 2147483647;
			files = (
				28A852B52B20E7B800F9C3C3 /* LaunchScreen.storyboard in Resources */,
				28A852CA2B20E91B00F9C3C3 /* BadgeViewController.xib in Resources */,
				28A852B22B20E7B800F9C3C3 /* Assets.xcassets in Resources */,
			);
			runOnlyForDeploymentPostprocessing = 0;
		};
/* End PBXResourcesBuildPhase section */

/* Begin PBXSourcesBuildPhase section */
		28A852A12B20E7B700F9C3C3 /* Sources */ = {
			isa = PBXSourcesBuildPhase;
			buildActionMask = 2147483647;
			files = (
				28A852CC2B20E92800F9C3C3 /* BadgeViewController.swift in Sources */,
				28A852A92B20E7B700F9C3C3 /* AppDelegate.swift in Sources */,
				28A852C42B20E8E700F9C3C3 /* BadgeBuilder.swift in Sources */,
				28A852C82B20E90600F9C3C3 /* BadgeViewModel.swift in Sources */,
				28A852C62B20E8FD00F9C3C3 /* BadgeUIModel.swift in Sources */,
			);
			runOnlyForDeploymentPostprocessing = 0;
		};
/* End PBXSourcesBuildPhase section */

/* Begin PBXVariantGroup section */
		28A852B32B20E7B800F9C3C3 /* LaunchScreen.storyboard */ = {
			isa = PBXVariantGroup;
			children = (
				28A852B42B20E7B800F9C3C3 /* Base */,
			);
			name = LaunchScreen.storyboard;
			sourceTree = "<group>";
		};
/* End PBXVariantGroup section */

/* Begin XCBuildConfiguration section */
		28A852B72B20E7B800F9C3C3 /* Debug */ = {
			isa = XCBuildConfiguration;
			buildSettings = {
				ALWAYS_SEARCH_USER_PATHS = NO;
				CLANG_ANALYZER_NONNULL = YES;
				CLANG_ANALYZER_NUMBER_OBJECT_CONVERSION = YES_AGGRESSIVE;
				CLANG_CXX_LANGUAGE_STANDARD = "gnu++20";
				CLANG_ENABLE_MODULES = YES;
				CLANG_ENABLE_OBJC_ARC = YES;
				CLANG_ENABLE_OBJC_WEAK = YES;
				CLANG_WARN_BLOCK_CAPTURE_AUTORELEASING = YES;
				CLANG_WARN_BOOL_CONVERSION = YES;
				CLANG_WARN_COMMA = YES;
				CLANG_WARN_CONSTANT_CONVERSION = YES;
				CLANG_WARN_DEPRECATED_OBJC_IMPLEMENTATIONS = YES;
				CLANG_WARN_DIRECT_OBJC_ISA_USAGE = YES_ERROR;
				CLANG_WARN_DOCUMENTATION_COMMENTS = YES;
				CLANG_WARN_EMPTY_BODY = YES;
				CLANG_WARN_ENUM_CONVERSION = YES;
				CLANG_WARN_INFINITE_RECURSION = YES;
				CLANG_WARN_INT_CONVERSION = YES;
				CLANG_WARN_NON_LITERAL_NULL_CONVERSION = YES;
				CLANG_WARN_OBJC_IMPLICIT_RETAIN_SELF = YES;
				CLANG_WARN_OBJC_LITERAL_CONVERSION = YES;
				CLANG_WARN_OBJC_ROOT_CLASS = YES_ERROR;
				CLANG_WARN_QUOTED_INCLUDE_IN_FRAMEWORK_HEADER = YES;
				CLANG_WARN_RANGE_LOOP_ANALYSIS = YES;
				CLANG_WARN_STRICT_PROTOTYPES = YES;
				CLANG_WARN_SUSPICIOUS_MOVE = YES;
				CLANG_WARN_UNGUARDED_AVAILABILITY = YES_AGGRESSIVE;
				CLANG_WARN_UNREACHABLE_CODE = YES;
				CLANG_WARN__DUPLICATE_METHOD_MATCH = YES;
				COPY_PHASE_STRIP = NO;
				DEBUG_INFORMATION_FORMAT = dwarf;
				ENABLE_STRICT_OBJC_MSGSEND = YES;
				ENABLE_TESTABILITY = YES;
				GCC_C_LANGUAGE_STANDARD = gnu11;
				GCC_DYNAMIC_NO_PIC = NO;
				GCC_NO_COMMON_BLOCKS = YES;
				GCC_OPTIMIZATION_LEVEL = 0;
				GCC_PREPROCESSOR_DEFINITIONS = (
					"DEBUG=1",
					"$(inherited)",
				);
				GCC_WARN_64_TO_32_BIT_CONVERSION = YES;
				GCC_WARN_ABOUT_RETURN_TYPE = YES_ERROR;
				GCC_WARN_UNDECLARED_SELECTOR = YES;
				GCC_WARN_UNINITIALIZED_AUTOS = YES_AGGRESSIVE;
				GCC_WARN_UNUSED_FUNCTION = YES;
				GCC_WARN_UNUSED_VARIABLE = YES;
				IPHONEOS_DEPLOYMENT_TARGET = 16.4;
				MTL_ENABLE_DEBUG_INFO = INCLUDE_SOURCE;
				MTL_FAST_MATH = YES;
				ONLY_ACTIVE_ARCH = YES;
				SDKROOT = iphoneos;
				SWIFT_ACTIVE_COMPILATION_CONDITIONS = DEBUG;
				SWIFT_OPTIMIZATION_LEVEL = "-Onone";
			};
			name = Debug;
		};
		28A852B82B20E7B800F9C3C3 /* Release */ = {
			isa = XCBuildConfiguration;
			buildSettings = {
				ALWAYS_SEARCH_USER_PATHS = NO;
				CLANG_ANALYZER_NONNULL = YES;
				CLANG_ANALYZER_NUMBER_OBJECT_CONVERSION = YES_AGGRESSIVE;
				CLANG_CXX_LANGUAGE_STANDARD = "gnu++20";
				CLANG_ENABLE_MODULES = YES;
				CLANG_ENABLE_OBJC_ARC = YES;
				CLANG_ENABLE_OBJC_WEAK = YES;
				CLANG_WARN_BLOCK_CAPTURE_AUTORELEASING = YES;
				CLANG_WARN_BOOL_CONVERSION = YES;
				CLANG_WARN_COMMA = YES;
				CLANG_WARN_CONSTANT_CONVERSION = YES;
				CLANG_WARN_DEPRECATED_OBJC_IMPLEMENTATIONS = YES;
				CLANG_WARN_DIRECT_OBJC_ISA_USAGE = YES_ERROR;
				CLANG_WARN_DOCUMENTATION_COMMENTS = YES;
				CLANG_WARN_EMPTY_BODY = YES;
				CLANG_WARN_ENUM_CONVERSION = YES;
				CLANG_WARN_INFINITE_RECURSION = YES;
				CLANG_WARN_INT_CONVERSION = YES;
				CLANG_WARN_NON_LITERAL_NULL_CONVERSION = YES;
				CLANG_WARN_OBJC_IMPLICIT_RETAIN_SELF = YES;
				CLANG_WARN_OBJC_LITERAL_CONVERSION = YES;
				CLANG_WARN_OBJC_ROOT_CLASS = YES_ERROR;
				CLANG_WARN_QUOTED_INCLUDE_IN_FRAMEWORK_HEADER = YES;
				CLANG_WARN_RANGE_LOOP_ANALYSIS = YES;
				CLANG_WARN_STRICT_PROTOTYPES = YES;
				CLANG_WARN_SUSPICIOUS_MOVE = YES;
				CLANG_WARN_UNGUARDED_AVAILABILITY = YES_AGGRESSIVE;
				CLANG_WARN_UNREACHABLE_CODE = YES;
				CLANG_WARN__DUPLICATE_METHOD_MATCH = YES;
				COPY_PHASE_STRIP = NO;
				DEBUG_INFORMATION_FORMAT = "dwarf-with-dsym";
				ENABLE_NS_ASSERTIONS = NO;
				ENABLE_STRICT_OBJC_MSGSEND = YES;
				GCC_C_LANGUAGE_STANDARD = gnu11;
				GCC_NO_COMMON_BLOCKS = YES;
				GCC_WARN_64_TO_32_BIT_CONVERSION = YES;
				GCC_WARN_ABOUT_RETURN_TYPE = YES_ERROR;
				GCC_WARN_UNDECLARED_SELECTOR = YES;
				GCC_WARN_UNINITIALIZED_AUTOS = YES_AGGRESSIVE;
				GCC_WARN_UNUSED_FUNCTION = YES;
				GCC_WARN_UNUSED_VARIABLE = YES;
				IPHONEOS_DEPLOYMENT_TARGET = 16.4;
				MTL_ENABLE_DEBUG_INFO = NO;
				MTL_FAST_MATH = YES;
				SDKROOT = iphoneos;
				SWIFT_COMPILATION_MODE = wholemodule;
				SWIFT_OPTIMIZATION_LEVEL = "-O";
				VALIDATE_PRODUCT = YES;
			};
			name = Release;
		};
		28A852BA2B20E7B800F9C3C3 /* Debug */ = {
			isa = XCBuildConfiguration;
			buildSettings = {
				ASSETCATALOG_COMPILER_APPICON_NAME = AppIcon;
				ASSETCATALOG_COMPILER_GLOBAL_ACCENT_COLOR_NAME = AccentColor;
				CODE_SIGN_STYLE = Automatic;
				CURRENT_PROJECT_VERSION = 1;
				DEVELOPMENT_TEAM = KSMNAM32VA;
				GENERATE_INFOPLIST_FILE = YES;
				INFOPLIST_FILE = NotificationCountBadge/Sources/Info.plist;
				INFOPLIST_KEY_UIApplicationSupportsIndirectInputEvents = YES;
				INFOPLIST_KEY_UILaunchStoryboardName = LaunchScreen;
				INFOPLIST_KEY_UISupportedInterfaceOrientations_iPad = "UIInterfaceOrientationPortrait UIInterfaceOrientationPortraitUpsideDown UIInterfaceOrientationLandscapeLeft UIInterfaceOrientationLandscapeRight";
				INFOPLIST_KEY_UISupportedInterfaceOrientations_iPhone = "UIInterfaceOrientationPortrait UIInterfaceOrientationLandscapeLeft UIInterfaceOrientationLandscapeRight";
				IPHONEOS_DEPLOYMENT_TARGET = 13.0;
				LD_RUNPATH_SEARCH_PATHS = (
					"$(inherited)",
					"@executable_path/Frameworks",
				);
				MARKETING_VERSION = 1.0;
				PRODUCT_BUNDLE_IDENTIFIER = com.burakekmen.NotificationCountBadge;
				PRODUCT_NAME = "$(TARGET_NAME)";
				SWIFT_EMIT_LOC_STRINGS = YES;
				SWIFT_VERSION = 5.0;
				TARGETED_DEVICE_FAMILY = "1,2";
			};
			name = Debug;
		};
		28A852BB2B20E7B800F9C3C3 /* Release */ = {
			isa = XCBuildConfiguration;
			buildSettings = {
				ASSETCATALOG_COMPILER_APPICON_NAME = AppIcon;
				ASSETCATALOG_COMPILER_GLOBAL_ACCENT_COLOR_NAME = AccentColor;
				CODE_SIGN_STYLE = Automatic;
				CURRENT_PROJECT_VERSION = 1;
				DEVELOPMENT_TEAM = KSMNAM32VA;
				GENERATE_INFOPLIST_FILE = YES;
				INFOPLIST_FILE = NotificationCountBadge/Sources/Info.plist;
				INFOPLIST_KEY_UIApplicationSupportsIndirectInputEvents = YES;
				INFOPLIST_KEY_UILaunchStoryboardName = LaunchScreen;
				INFOPLIST_KEY_UISupportedInterfaceOrientations_iPad = "UIInterfaceOrientationPortrait UIInterfaceOrientationPortraitUpsideDown UIInterfaceOrientationLandscapeLeft UIInterfaceOrientationLandscapeRight";
				INFOPLIST_KEY_UISupportedInterfaceOrientations_iPhone = "UIInterfaceOrientationPortrait UIInterfaceOrientationLandscapeLeft UIInterfaceOrientationLandscapeRight";
				IPHONEOS_DEPLOYMENT_TARGET = 13.0;
				LD_RUNPATH_SEARCH_PATHS = (
					"$(inherited)",
					"@executable_path/Frameworks",
				);
				MARKETING_VERSION = 1.0;
				PRODUCT_BUNDLE_IDENTIFIER = com.burakekmen.NotificationCountBadge;
				PRODUCT_NAME = "$(TARGET_NAME)";
				SWIFT_EMIT_LOC_STRINGS = YES;
				SWIFT_VERSION = 5.0;
				TARGETED_DEVICE_FAMILY = "1,2";
			};
			name = Release;
		};
/* End XCBuildConfiguration section */

/* Begin XCConfigurationList section */
		28A852A02B20E7B600F9C3C3 /* Build configuration list for PBXProject "NotificationCountBadge" */ = {
			isa = XCConfigurationList;
			buildConfigurations = (
				28A852B72B20E7B800F9C3C3 /* Debug */,
				28A852B82B20E7B800F9C3C3 /* Release */,
			);
			defaultConfigurationIsVisible = 0;
			defaultConfigurationName = Release;
		};
		28A852B92B20E7B800F9C3C3 /* Build configuration list for PBXNativeTarget "NotificationCountBadge" */ = {
			isa = XCConfigurationList;
			buildConfigurations = (
				28A852BA2B20E7B800F9C3C3 /* Debug */,
				28A852BB2B20E7B800F9C3C3 /* Release */,
			);
			defaultConfigurationIsVisible = 0;
			defaultConfigurationName = Release;
		};
/* End XCConfigurationList section */
	};
	rootObject = 28A8529D2B20E7B600F9C3C3 /* Project object */;
}
